
Microsoft Visual Studio Solution File, Format Version 12.00
# Visual Studio Version 16
VisualStudioVersion = 16.0.29509.3
MinimumVisualStudioVersion = 10.0.40219.1
Project("{2150E333-8FDC-42A3-9474-1A3956D46DE8}") = "src", "src", "{E4AC77B6-9009-4F90-9F31-870FACBDF503}"
EndProject
Project("{2150E333-8FDC-42A3-9474-1A3956D46DE8}") = "test", "test", "{EC54F66F-0B18-4A9B-B61A-376C1E0081A1}"
EndProject
Project("{2150E333-8FDC-42A3-9474-1A3956D46DE8}") = "misc", "misc", "{2613F4CE-35DC-4BEB-905B-4FFF6CBB61C6}"
	ProjectSection(SolutionItems) = preProject
		.gitignore = .gitignore
		global.json = global.json
		README.md = README.md
	EndProjectSection
EndProject
Project("{9A19103F-16F7-4668-BE54-9A1E7A4F7556}") = "Martelskiy.Net.Kafka", "src\Martelskiy.Net.Kafka\Martelskiy.Net.Kafka.csproj", "{864B705D-A8EA-45E7-A2DD-62786BA703FE}"
EndProject
Project("{9A19103F-16F7-4668-BE54-9A1E7A4F7556}") = "Martelskiy.Net.Kafka.Tests", "test\Martelskiy.Net.Kafka.Tests\Martelskiy.Net.Kafka.Tests.csproj", "{BB54A0F0-8616-4A6D-908E-393418F58284}"
EndProject
Global
	GlobalSection(SolutionConfigurationPlatforms) = preSolution
		Debug|Any CPU = Debug|Any CPU
		Release|Any CPU = Release|Any CPU
	EndGlobalSection
	GlobalSection(ProjectConfigurationPlatforms) = postSolution
		{864B705D-A8EA-45E7-A2DD-62786BA703FE}.Debug|Any CPU.ActiveCfg = Debug|Any CPU
		{864B705D-A8EA-45E7-A2DD-62786BA703FE}.Debug|Any CPU.Build.0 = Debug|Any CPU
		{864B705D-A8EA-45E7-A2DD-62786BA703FE}.Release|Any CPU.ActiveCfg = Release|Any CPU
		{864B705D-A8EA-45E7-A2DD-62786BA703FE}.Release|Any CPU.Build.0 = Release|Any CPU
		{BB54A0F0-8616-4A6D-908E-393418F58284}.Debug|Any CPU.ActiveCfg = Debug|Any CPU
		{BB54A0F0-8616-4A6D-908E-393418F58284}.Debug|Any CPU.Build.0 = Debug|Any CPU
		{BB54A0F0-8616-4A6D-908E-393418F58284}.Release|Any CPU.ActiveCfg = Release|Any CPU
		{BB54A0F0-8616-4A6D-908E-393418F58284}.Release|Any CPU.Build.0 = Release|Any CPU
	EndGlobalSection
	GlobalSection(SolutionProperties) = preSolution
		HideSolutionNode = FALSE
	EndGlobalSection
	GlobalSection(NestedProjects) = preSolution
		{864B705D-A8EA-45E7-A2DD-62786BA703FE} = {E4AC77B6-9009-4F90-9F31-870FACBDF503}
		{BB54A0F0-8616-4A6D-908E-393418F58284} = {EC54F66F-0B18-4A9B-B61A-376C1E0081A1}
	EndGlobalSection
	GlobalSection(ExtensibilityGlobals) = postSolution
		SolutionGuid = {2E29B042-B075-41AC-954E-0A5415A1FF10}
	EndGlobalSection
EndGlobal
